// !$*UTF8*$!
{
	archiveVersion = 1;
	classes = {
	};
	objectVersion = 56;
	objects = {

/* Begin PBXBuildFile section */
		B54B791F2C17823800B99C8E /* AppDelegate.swift in Sources */ = {isa = PBXBuildFile; fileRef = B54B791E2C17823800B99C8E /* AppDelegate.swift */; };
		B54B79212C17823800B99C8E /* SceneDelegate.swift in Sources */ = {isa = PBXBuildFile; fileRef = B54B79202C17823800B99C8E /* SceneDelegate.swift */; };
		B54B79232C17823800B99C8E /* MovieSelectionViewController.swift in Sources */ = {isa = PBXBuildFile; fileRef = B54B79222C17823800B99C8E /* MovieSelectionViewController.swift */; };
		B54B79262C17823800B99C8E /* Base in Resources */ = {isa = PBXBuildFile; fileRef = B54B79252C17823800B99C8E /* Base */; };
		B54B79282C17823C00B99C8E /* Assets.xcassets in Resources */ = {isa = PBXBuildFile; fileRef = B54B79272C17823C00B99C8E /* Assets.xcassets */; };
		B54B792B2C17823C00B99C8E /* Base in Resources */ = {isa = PBXBuildFile; fileRef = B54B792A2C17823C00B99C8E /* Base */; };
		B54B79332C17825100B99C8E /* Movie.swift in Sources */ = {isa = PBXBuildFile; fileRef = B54B79322C17825100B99C8E /* Movie.swift */; };
		B54B79352C17826F00B99C8E /* MovieRatingManager.swift in Sources */ = {isa = PBXBuildFile; fileRef = B54B79342C17826F00B99C8E /* MovieRatingManager.swift */; };
		B54B79392C17835500B99C8E /* MovieDetailViewController.swift in Sources */ = {isa = PBXBuildFile; fileRef = B54B79382C17835500B99C8E /* MovieDetailViewController.swift */; };
		B54B793B2C17837600B99C8E /* MovieRatingViewController.swift in Sources */ = {isa = PBXBuildFile; fileRef = B54B793A2C17837600B99C8E /* MovieRatingViewController.swift */; };
		B54B793D2C1783B100B99C8E /* MovieDetailsView.swift in Sources */ = {isa = PBXBuildFile; fileRef = B54B793C2C1783B100B99C8E /* MovieDetailsView.swift */; };
		B54B793F2C1783D600B99C8E /* MovieRatingView.swift in Sources */ = {isa = PBXBuildFile; fileRef = B54B793E2C1783D600B99C8E /* MovieRatingView.swift */; };
/* End PBXBuildFile section */

/* Begin PBXFileReference section */
		B54B791B2C17823800B99C8E /* MovieFan.app */ = {isa = PBXFileReference; explicitFileType = wrapper.application; includeInIndex = 0; path = MovieFan.app; sourceTree = BUILT_PRODUCTS_DIR; };
		B54B791E2C17823800B99C8E /* AppDelegate.swift */ = {isa = PBXFileReference; lastKnownFileType = sourcecode.swift; path = AppDelegate.swift; sourceTree = "<group>"; };
		B54B79202C17823800B99C8E /* SceneDelegate.swift */ = {isa = PBXFileReference; lastKnownFileType = sourcecode.swift; path = SceneDelegate.swift; sourceTree = "<group>"; };
		B54B79222C17823800B99C8E /* MovieSelectionViewController.swift */ = {isa = PBXFileReference; lastKnownFileType = sourcecode.swift; path = MovieSelectionViewController.swift; sourceTree = "<group>"; };
		B54B79252C17823800B99C8E /* Base */ = {isa = PBXFileReference; lastKnownFileType = file.storyboard; name = Base; path = Base.lproj/Main.storyboard; sourceTree = "<group>"; };
		B54B79272C17823C00B99C8E /* Assets.xcassets */ = {isa = PBXFileReference; lastKnownFileType = folder.assetcatalog; path = Assets.xcassets; sourceTree = "<group>"; };
		B54B792A2C17823C00B99C8E /* Base */ = {isa = PBXFileReference; lastKnownFileType = file.storyboard; name = Base; path = Base.lproj/LaunchScreen.storyboard; sourceTree = "<group>"; };
		B54B792C2C17823C00B99C8E /* Info.plist */ = {isa = PBXFileReference; lastKnownFileType = text.plist.xml; path = Info.plist; sourceTree = "<group>"; };
		B54B79322C17825100B99C8E /* Movie.swift */ = {isa = PBXFileReference; lastKnownFileType = sourcecode.swift; path = Movie.swift; sourceTree = "<group>"; };
		B54B79342C17826F00B99C8E /* MovieRatingManager.swift */ = {isa = PBXFileReference; lastKnownFileType = sourcecode.swift; path = MovieRatingManager.swift; sourceTree = "<group>"; };
		B54B79382C17835500B99C8E /* MovieDetailViewController.swift */ = {isa = PBXFileReference; lastKnownFileType = sourcecode.swift; path = MovieDetailViewController.swift; sourceTree = "<group>"; };
		B54B793A2C17837600B99C8E /* MovieRatingViewController.swift */ = {isa = PBXFileReference; lastKnownFileType = sourcecode.swift; path = MovieRatingViewController.swift; sourceTree = "<group>"; };
		B54B793C2C1783B100B99C8E /* MovieDetailsView.swift */ = {isa = PBXFileReference; lastKnownFileType = sourcecode.swift; path = MovieDetailsView.swift; sourceTree = "<group>"; };
		B54B793E2C1783D600B99C8E /* MovieRatingView.swift */ = {isa = PBXFileReference; lastKnownFileType = sourcecode.swift; path = MovieRatingView.swift; sourceTree = "<group>"; };
/* End PBXFileReference section */

/* Begin PBXFrameworksBuildPhase section */
		B54B79182C17823800B99C8E /* Frameworks */ = {
			isa = PBXFrameworksBuildPhase;
			buildActionMask = 2147483647;
			files = (
			);
			runOnlyForDeploymentPostprocessing = 0;
		};
/* End PBXFrameworksBuildPhase section */

/* Begin PBXGroup section */
		B54B79122C17823800B99C8E = {
			isa = PBXGroup;
			children = (
				B54B791D2C17823800B99C8E /* MovieFan */,
				B54B791C2C17823800B99C8E /* Products */,
			);
			sourceTree = "<group>";
		};
		B54B791C2C17823800B99C8E /* Products */ = {
			isa = PBXGroup;
			children = (
				B54B791B2C17823800B99C8E /* MovieFan.app */,
			);
			name = Products;
			sourceTree = "<group>";
		};
		B54B791D2C17823800B99C8E /* MovieFan */ = {
			isa = PBXGroup;
			children = (
				B54B79322C17825100B99C8E /* Movie.swift */,
				B54B79342C17826F00B99C8E /* MovieRatingManager.swift */,
				B54B791E2C17823800B99C8E /* AppDelegate.swift */,
				B54B79202C17823800B99C8E /* SceneDelegate.swift */,
				B54B79412C17840400B99C8E /* Controllers */,
				B54B79402C1783EB00B99C8E /* Views */,
				B54B79242C17823800B99C8E /* Main.storyboard */,
				B54B79272C17823C00B99C8E /* Assets.xcassets */,
				B54B79292C17823C00B99C8E /* LaunchScreen.storyboard */,
				B54B792C2C17823C00B99C8E /* Info.plist */,
			);
			path = MovieFan;
			sourceTree = "<group>";
		};
		B54B79402C1783EB00B99C8E /* Views */ = {
			isa = PBXGroup;
			children = (
				B54B793C2C1783B100B99C8E /* MovieDetailsView.swift */,
				B54B793E2C1783D600B99C8E /* MovieRatingView.swift */,
			);
			path = Views;
			sourceTree = "<group>";
		};
		B54B79412C17840400B99C8E /* Controllers */ = {
			isa = PBXGroup;
			children = (
				B54B79222C17823800B99C8E /* MovieSelectionViewController.swift */,
				B54B79382C17835500B99C8E /* MovieDetailViewController.swift */,
				B54B793A2C17837600B99C8E /* MovieRatingViewController.swift */,
			);
			path = Controllers;
			sourceTree = "<group>";
		};
/* End PBXGroup section */

/* Begin PBXNativeTarget section */
		B54B791A2C17823800B99C8E /* MovieFan */ = {
			isa = PBXNativeTarget;
			buildConfigurationList = B54B792F2C17823C00B99C8E /* Build configuration list for PBXNativeTarget "MovieFan" */;
			buildPhases = (
				B54B79172C17823800B99C8E /* Sources */,
				B54B79182C17823800B99C8E /* Frameworks */,
				B54B79192C17823800B99C8E /* Resources */,
			);
			buildRules = (
			);
			dependencies = (
			);
			name = MovieFan;
			productName = MovieFan;
			productReference = B54B791B2C17823800B99C8E /* MovieFan.app */;
			productType = "com.apple.product-type.application";
		};
/* End PBXNativeTarget section */

/* Begin PBXProject section */
		B54B79132C17823800B99C8E /* Project object */ = {
			isa = PBXProject;
			attributes = {
				BuildIndependentTargetsInParallel = 1;
				LastSwiftUpdateCheck = 1540;
				LastUpgradeCheck = 1540;
				TargetAttributes = {
					B54B791A2C17823800B99C8E = {
						CreatedOnToolsVersion = 15.4;
					};
				};
			};
			buildConfigurationList = B54B79162C17823800B99C8E /* Build configuration list for PBXProject "MovieFan" */;
			compatibilityVersion = "Xcode 14.0";
			developmentRegion = en;
			hasScannedForEncodings = 0;
			knownRegions = (
				en,
				Base,
			);
			mainGroup = B54B79122C17823800B99C8E;
			productRefGroup = B54B791C2C17823800B99C8E /* Products */;
			projectDirPath = "";
			projectRoot = "";
			targets = (
				B54B791A2C17823800B99C8E /* MovieFan */,
			);
		};
/* End PBXProject section */

/* Begin PBXResourcesBuildPhase section */
		B54B79192C17823800B99C8E /* Resources */ = {
			isa = PBXResourcesBuildPhase;
			buildActionMask = 2147483647;
			files = (
				B54B79282C17823C00B99C8E /* Assets.xcassets in Resources */,
				B54B792B2C17823C00B99C8E /* Base in Resources */,
				B54B79262C17823800B99C8E /* Base in Resources */,
			);
			runOnlyForDeploymentPostprocessing = 0;
		};
/* End PBXResourcesBuildPhase section */

/* Begin PBXSourcesBuildPhase section */
		B54B79172C17823800B99C8E /* Sources */ = {
			isa = PBXSourcesBuildPhase;
			buildActionMask = 2147483647;
			files = (
				B54B79352C17826F00B99C8E /* MovieRatingManager.swift in Sources */,
				B54B79232C17823800B99C8E /* MovieSelectionViewController.swift in Sources */,
				B54B793F2C1783D600B99C8E /* MovieRatingView.swift in Sources */,
				B54B791F2C17823800B99C8E /* AppDelegate.swift in Sources */,
				B54B79392C17835500B99C8E /* MovieDetailViewController.swift in Sources */,
				B54B79332C17825100B99C8E /* Movie.swift in Sources */,
				B54B793D2C1783B100B99C8E /* MovieDetailsView.swift in Sources */,
				B54B793B2C17837600B99C8E /* MovieRatingViewController.swift in Sources */,
				B54B79212C17823800B99C8E /* SceneDelegate.swift in Sources */,
			);
			runOnlyForDeploymentPostprocessing = 0;
		};
/* End PBXSourcesBuildPhase section */

/* Begin PBXVariantGroup section */
		B54B79242C17823800B99C8E /* Main.storyboard */ = {
			isa = PBXVariantGroup;
			children = (
				B54B79252C17823800B99C8E /* Base */,
			);
			name = Main.storyboard;
			sourceTree = "<group>";
		};
		B54B79292C17823C00B99C8E /* LaunchScreen.storyboard */ = {
			isa = PBXVariantGroup;
			children = (
				B54B792A2C17823C00B99C8E /* Base */,
			);
			name = LaunchScreen.storyboard;
			sourceTree = "<group>";
		};
/* End PBXVariantGroup section */

/* Begin XCBuildConfiguration section */
		B54B792D2C17823C00B99C8E /* Debug */ = {
			isa = XCBuildConfiguration;
			buildSettings = {
				ALWAYS_SEARCH_USER_PATHS = NO;
				ASSETCATALOG_COMPILER_GENERATE_SWIFT_ASSET_SYMBOL_EXTENSIONS = YES;
				CLANG_ANALYZER_NONNULL = YES;
				CLANG_ANALYZER_NUMBER_OBJECT_CONVERSION = YES_AGGRESSIVE;
				CLANG_CXX_LANGUAGE_STANDARD = "gnu++20";
				CLANG_ENABLE_MODULES = YES;
				CLANG_ENABLE_OBJC_ARC = YES;
				CLANG_ENABLE_OBJC_WEAK = YES;
				CLANG_WARN_BLOCK_CAPTURE_AUTORELEASING = YES;
				CLANG_WARN_BOOL_CONVERSION = YES;
				CLANG_WARN_COMMA = YES;
				CLANG_WARN_CONSTANT_CONVERSION = YES;
				CLANG_WARN_DEPRECATED_OBJC_IMPLEMENTATIONS = YES;
				CLANG_WARN_DIRECT_OBJC_ISA_USAGE = YES_ERROR;
				CLANG_WARN_DOCUMENTATION_COMMENTS = YES;
				CLANG_WARN_EMPTY_BODY = YES;
				CLANG_WARN_ENUM_CONVERSION = YES;
				CLANG_WARN_INFINITE_RECURSION = YES;
				CLANG_WARN_INT_CONVERSION = YES;
				CLANG_WARN_NON_LITERAL_NULL_CONVERSION = YES;
				CLANG_WARN_OBJC_IMPLICIT_RETAIN_SELF = YES;
				CLANG_WARN_OBJC_LITERAL_CONVERSION = YES;
				CLANG_WARN_OBJC_ROOT_CLASS = YES_ERROR;
				CLANG_WARN_QUOTED_INCLUDE_IN_FRAMEWORK_HEADER = YES;
				CLANG_WARN_RANGE_LOOP_ANALYSIS = YES;
				CLANG_WARN_STRICT_PROTOTYPES = YES;
				CLANG_WARN_SUSPICIOUS_MOVE = YES;
				CLANG_WARN_UNGUARDED_AVAILABILITY = YES_AGGRESSIVE;
				CLANG_WARN_UNREACHABLE_CODE = YES;
				CLANG_WARN__DUPLICATE_METHOD_MATCH = YES;
				COPY_PHASE_STRIP = NO;
				DEBUG_INFORMATION_FORMAT = dwarf;
				ENABLE_STRICT_OBJC_MSGSEND = YES;
				ENABLE_TESTABILITY = YES;
				ENABLE_USER_SCRIPT_SANDBOXING = YES;
				GCC_C_LANGUAGE_STANDARD = gnu17;
				GCC_DYNAMIC_NO_PIC = NO;
				GCC_NO_COMMON_BLOCKS = YES;
				GCC_OPTIMIZATION_LEVEL = 0;
				GCC_PREPROCESSOR_DEFINITIONS = (
					"DEBUG=1",
					"$(inherited)",
				);
				GCC_WARN_64_TO_32_BIT_CONVERSION = YES;
				GCC_WARN_ABOUT_RETURN_TYPE = YES_ERROR;
				GCC_WARN_UNDECLARED_SELECTOR = YES;
				GCC_WARN_UNINITIALIZED_AUTOS = YES_AGGRESSIVE;
				GCC_WARN_UNUSED_FUNCTION = YES;
				GCC_WARN_UNUSED_VARIABLE = YES;
				IPHONEOS_DEPLOYMENT_TARGET = 17.5;
				LOCALIZATION_PREFERS_STRING_CATALOGS = YES;
				MTL_ENABLE_DEBUG_INFO = INCLUDE_SOURCE;
				MTL_FAST_MATH = YES;
				ONLY_ACTIVE_ARCH = YES;
				SDKROOT = iphoneos;
				SWIFT_ACTIVE_COMPILATION_CONDITIONS = "DEBUG $(inherited)";
				SWIFT_OPTIMIZATION_LEVEL = "-Onone";
			};
			name = Debug;
		};
		B54B792E2C17823C00B99C8E /* Release */ = {
			isa = XCBuildConfiguration;
			buildSettings = {
				ALWAYS_SEARCH_USER_PATHS = NO;
				ASSETCATALOG_COMPILER_GENERATE_SWIFT_ASSET_SYMBOL_EXTENSIONS = YES;
				CLANG_ANALYZER_NONNULL = YES;
				CLANG_ANALYZER_NUMBER_OBJECT_CONVERSION = YES_AGGRESSIVE;
				CLANG_CXX_LANGUAGE_STANDARD = "gnu++20";
				CLANG_ENABLE_MODULES = YES;
				CLANG_ENABLE_OBJC_ARC = YES;
				CLANG_ENABLE_OBJC_WEAK = YES;
				CLANG_WARN_BLOCK_CAPTURE_AUTORELEASING = YES;
				CLANG_WARN_BOOL_CONVERSION = YES;
				CLANG_WARN_COMMA = YES;
				CLANG_WARN_CONSTANT_CONVERSION = YES;
				CLANG_WARN_DEPRECATED_OBJC_IMPLEMENTATIONS = YES;
				CLANG_WARN_DIRECT_OBJC_ISA_USAGE = YES_ERROR;
				CLANG_WARN_DOCUMENTATION_COMMENTS = YES;
				CLANG_WARN_EMPTY_BODY = YES;
				CLANG_WARN_ENUM_CONVERSION = YES;
				CLANG_WARN_INFINITE_RECURSION = YES;
				CLANG_WARN_INT_CONVERSION = YES;
				CLANG_WARN_NON_LITERAL_NULL_CONVERSION = YES;
				CLANG_WARN_OBJC_IMPLICIT_RETAIN_SELF = YES;
				CLANG_WARN_OBJC_LITERAL_CONVERSION = YES;
				CLANG_WARN_OBJC_ROOT_CLASS = YES_ERROR;
				CLANG_WARN_QUOTED_INCLUDE_IN_FRAMEWORK_HEADER = YES;
				CLANG_WARN_RANGE_LOOP_ANALYSIS = YES;
				CLANG_WARN_STRICT_PROTOTYPES = YES;
				CLANG_WARN_SUSPICIOUS_MOVE = YES;
				CLANG_WARN_UNGUARDED_AVAILABILITY = YES_AGGRESSIVE;
				CLANG_WARN_UNREACHABLE_CODE = YES;
				CLANG_WARN__DUPLICATE_METHOD_MATCH = YES;
				COPY_PHASE_STRIP = NO;
				DEBUG_INFORMATION_FORMAT = "dwarf-with-dsym";
				ENABLE_NS_ASSERTIONS = NO;
				ENABLE_STRICT_OBJC_MSGSEND = YES;
				ENABLE_USER_SCRIPT_SANDBOXING = YES;
				GCC_C_LANGUAGE_STANDARD = gnu17;
				GCC_NO_COMMON_BLOCKS = YES;
				GCC_WARN_64_TO_32_BIT_CONVERSION = YES;
				GCC_WARN_ABOUT_RETURN_TYPE = YES_ERROR;
				GCC_WARN_UNDECLARED_SELECTOR = YES;
				GCC_WARN_UNINITIALIZED_AUTOS = YES_AGGRESSIVE;
				GCC_WARN_UNUSED_FUNCTION = YES;
				GCC_WARN_UNUSED_VARIABLE = YES;
				IPHONEOS_DEPLOYMENT_TARGET = 17.5;
				LOCALIZATION_PREFERS_STRING_CATALOGS = YES;
				MTL_ENABLE_DEBUG_INFO = NO;
				MTL_FAST_MATH = YES;
				SDKROOT = iphoneos;
				SWIFT_COMPILATION_MODE = wholemodule;
				VALIDATE_PRODUCT = YES;
			};
			name = Release;
		};
		B54B79302C17823C00B99C8E /* Debug */ = {
			isa = XCBuildConfiguration;
			buildSettings = {
				ASSETCATALOG_COMPILER_APPICON_NAME = AppIcon;
				ASSETCATALOG_COMPILER_GLOBAL_ACCENT_COLOR_NAME = AccentColor;
				CODE_SIGN_STYLE = Automatic;
				CURRENT_PROJECT_VERSION = 1;
				DEVELOPMENT_TEAM = F43F5V3HNZ;
				GENERATE_INFOPLIST_FILE = YES;
				INFOPLIST_FILE = MovieFan/Info.plist;
				INFOPLIST_KEY_UIApplicationSupportsIndirectInputEvents = YES;
				INFOPLIST_KEY_UILaunchStoryboardName = LaunchScreen;
				INFOPLIST_KEY_UIMainStoryboardFile = Main;
				INFOPLIST_KEY_UISupportedInterfaceOrientations_iPad = "UIInterfaceOrientationPortrait UIInterfaceOrientationPortraitUpsideDown UIInterfaceOrientationLandscapeLeft UIInterfaceOrientationLandscapeRight";
				INFOPLIST_KEY_UISupportedInterfaceOrientations_iPhone = "UIInterfaceOrientationPortrait UIInterfaceOrientationLandscapeLeft UIInterfaceOrientationLandscapeRight";
				LD_RUNPATH_SEARCH_PATHS = (
					"$(inherited)",
					"@executable_path/Frameworks",
				);
				MARKETING_VERSION = 1.0;
				PRODUCT_BUNDLE_IDENTIFIER = com.bashubb.MovieFan;
				PRODUCT_NAME = "$(TARGET_NAME)";
				SWIFT_EMIT_LOC_STRINGS = YES;
				SWIFT_VERSION = 5.0;
				TARGETED_DEVICE_FAMILY = "1,2";
			};
			name = Debug;
		};
		B54B79312C17823C00B99C8E /* Release */ = {
			isa = XCBuildConfiguration;
			buildSettings = {
				ASSETCATALOG_COMPILER_APPICON_NAME = AppIcon;
				ASSETCATALOG_COMPILER_GLOBAL_ACCENT_COLOR_NAME = AccentColor;
				CODE_SIGN_STYLE = Automatic;
				CURRENT_PROJECT_VERSION = 1;
				DEVELOPMENT_TEAM = F43F5V3HNZ;
				GENERATE_INFOPLIST_FILE = YES;
				INFOPLIST_FILE = MovieFan/Info.plist;
				INFOPLIST_KEY_UIApplicationSupportsIndirectInputEvents = YES;
				INFOPLIST_KEY_UILaunchStoryboardName = LaunchScreen;
				INFOPLIST_KEY_UIMainStoryboardFile = Main;
				INFOPLIST_KEY_UISupportedInterfaceOrientations_iPad = "UIInterfaceOrientationPortrait UIInterfaceOrientationPortraitUpsideDown UIInterfaceOrientationLandscapeLeft UIInterfaceOrientationLandscapeRight";
				INFOPLIST_KEY_UISupportedInterfaceOrientations_iPhone = "UIInterfaceOrientationPortrait UIInterfaceOrientationLandscapeLeft UIInterfaceOrientationLandscapeRight";
				LD_RUNPATH_SEARCH_PATHS = (
					"$(inherited)",
					"@executable_path/Frameworks",
				);
				MARKETING_VERSION = 1.0;
				PRODUCT_BUNDLE_IDENTIFIER = com.bashubb.MovieFan;
				PRODUCT_NAME = "$(TARGET_NAME)";
				SWIFT_EMIT_LOC_STRINGS = YES;
				SWIFT_VERSION = 5.0;
				TARGETED_DEVICE_FAMILY = "1,2";
			};
			name = Release;
		};
/* End XCBuildConfiguration section */

/* Begin XCConfigurationList section */
		B54B79162C17823800B99C8E /* Build configuration list for PBXProject "MovieFan" */ = {
			isa = XCConfigurationList;
			buildConfigurations = (
				B54B792D2C17823C00B99C8E /* Debug */,
				B54B792E2C17823C00B99C8E /* Release */,
			);
			defaultConfigurationIsVisible = 0;
			defaultConfigurationName = Release;
		};
		B54B792F2C17823C00B99C8E /* Build configuration list for PBXNativeTarget "MovieFan" */ = {
			isa = XCConfigurationList;
			buildConfigurations = (
				B54B79302C17823C00B99C8E /* Debug */,
				B54B79312C17823C00B99C8E /* Release */,
			);
			defaultConfigurationIsVisible = 0;
			defaultConfigurationName = Release;
		};
/* End XCConfigurationList section */
	};
	rootObject = B54B79132C17823800B99C8E /* Project object */;
}
